
Microsoft Visual Studio Solution File, Format Version 12.00
# Visual Studio Version 17
VisualStudioVersion = 17.9.34902.65
MinimumVisualStudioVersion = 10.0.40219.1
Project("{2150E333-8FDC-42A3-9474-1A3956D46DE8}") = "Services", "Services", "{BBBB2C5F-D525-429E-980A-1669CB3C2C0D}"
EndProject
Project("{2150E333-8FDC-42A3-9474-1A3956D46DE8}") = "Product.API", "Product.API", "{844026E4-97D6-403E-9633-C68CC0532794}"
EndProject
Project("{2150E333-8FDC-42A3-9474-1A3956D46DE8}") = "Gateway", "Gateway", "{199FA293-49D3-4D95-947D-AB094A944895}"
EndProject
Project("{9A19103F-16F7-4668-BE54-9A1E7A4F7556}") = "Gateway", "Gateway\Gateway.csproj", "{835BCE33-A3D5-4443-A637-9B13C744626F}"
EndProject
Project("{2150E333-8FDC-42A3-9474-1A3956D46DE8}") = "Auth.API", "Auth.API", "{3F88BDC9-C9D5-4BEE-BCF1-7F578677F624}"
EndProject
Project("{9A19103F-16F7-4668-BE54-9A1E7A4F7556}") = "Authentication", "Authentication\Authentication.csproj", "{53178ECC-FB8A-4915-B107-8655AAB66EFE}"
EndProject
Project("{2150E333-8FDC-42A3-9474-1A3956D46DE8}") = "Order.API", "Order.API", "{19C9053E-9892-458F-A6C0-558EBE68D26D}"
EndProject
Project("{9A19103F-16F7-4668-BE54-9A1E7A4F7556}") = "Order", "Order\Order.csproj", "{F83392F3-47F7-4B91-BB88-A43D21347538}"
EndProject
Project("{2150E333-8FDC-42A3-9474-1A3956D46DE8}") = "Post.API", "Post.API", "{2F11BC3A-8240-4CB0-A3A4-6391095ABCB3}"
EndProject
Project("{9A19103F-16F7-4668-BE54-9A1E7A4F7556}") = "Post", "Post\Post.csproj", "{45A2BD60-EAAD-45E0-9C07-BE62BCE0EF4A}"
EndProject
Project("{2150E333-8FDC-42A3-9474-1A3956D46DE8}") = "ShoppingCart.API", "ShoppingCart.API", "{E885EE97-3428-400D-AE6A-3AF2A31952BE}"
EndProject
Project("{9A19103F-16F7-4668-BE54-9A1E7A4F7556}") = "ShoppingCartAPI", "ShoppingCartAPI\ShoppingCartAPI.csproj", "{5AE4172B-9F98-4AED-937E-33225C7E4434}"
EndProject
Project("{9A19103F-16F7-4668-BE54-9A1E7A4F7556}") = "DTO", "DTO\DTO.csproj", "{6FBF087E-3302-40B6-B692-975DCFFEDAD9}"
EndProject
Project("{9A19103F-16F7-4668-BE54-9A1E7A4F7556}") = "ProductAPI", "ProductAPI\ProductAPI.csproj", "{1963BAA3-39CD-4407-9E56-7781CD66E09F}"
EndProject
Project("{2150E333-8FDC-42A3-9474-1A3956D46DE8}") = "Rasa.API", "Rasa.API", "{6BB51B7E-1C20-42E0-A9C2-89E988F55027}"
EndProject
Project("{FAE04EC0-301F-11D3-BF4B-00C04F79EFBC}") = "RasaAPI", "RasaAPI\RasaAPI.csproj", "{A76A6771-C70D-4BFF-8882-BD94E7DC0D68}"
EndProject
Global
	GlobalSection(SolutionConfigurationPlatforms) = preSolution
		Debug|Any CPU = Debug|Any CPU
		Release|Any CPU = Release|Any CPU
	EndGlobalSection
	GlobalSection(ProjectConfigurationPlatforms) = postSolution
		{835BCE33-A3D5-4443-A637-9B13C744626F}.Debug|Any CPU.ActiveCfg = Debug|Any CPU
		{835BCE33-A3D5-4443-A637-9B13C744626F}.Debug|Any CPU.Build.0 = Debug|Any CPU
		{835BCE33-A3D5-4443-A637-9B13C744626F}.Release|Any CPU.ActiveCfg = Release|Any CPU
		{835BCE33-A3D5-4443-A637-9B13C744626F}.Release|Any CPU.Build.0 = Release|Any CPU
		{53178ECC-FB8A-4915-B107-8655AAB66EFE}.Debug|Any CPU.ActiveCfg = Debug|Any CPU
		{53178ECC-FB8A-4915-B107-8655AAB66EFE}.Debug|Any CPU.Build.0 = Debug|Any CPU
		{53178ECC-FB8A-4915-B107-8655AAB66EFE}.Release|Any CPU.ActiveCfg = Release|Any CPU
		{53178ECC-FB8A-4915-B107-8655AAB66EFE}.Release|Any CPU.Build.0 = Release|Any CPU
		{F83392F3-47F7-4B91-BB88-A43D21347538}.Debug|Any CPU.ActiveCfg = Debug|Any CPU
		{F83392F3-47F7-4B91-BB88-A43D21347538}.Debug|Any CPU.Build.0 = Debug|Any CPU
		{F83392F3-47F7-4B91-BB88-A43D21347538}.Release|Any CPU.ActiveCfg = Release|Any CPU
		{F83392F3-47F7-4B91-BB88-A43D21347538}.Release|Any CPU.Build.0 = Release|Any CPU
		{45A2BD60-EAAD-45E0-9C07-BE62BCE0EF4A}.Debug|Any CPU.ActiveCfg = Debug|Any CPU
		{45A2BD60-EAAD-45E0-9C07-BE62BCE0EF4A}.Debug|Any CPU.Build.0 = Debug|Any CPU
		{45A2BD60-EAAD-45E0-9C07-BE62BCE0EF4A}.Release|Any CPU.ActiveCfg = Release|Any CPU
		{45A2BD60-EAAD-45E0-9C07-BE62BCE0EF4A}.Release|Any CPU.Build.0 = Release|Any CPU
		{5AE4172B-9F98-4AED-937E-33225C7E4434}.Debug|Any CPU.ActiveCfg = Debug|Any CPU
		{5AE4172B-9F98-4AED-937E-33225C7E4434}.Debug|Any CPU.Build.0 = Debug|Any CPU
		{5AE4172B-9F98-4AED-937E-33225C7E4434}.Release|Any CPU.ActiveCfg = Release|Any CPU
		{5AE4172B-9F98-4AED-937E-33225C7E4434}.Release|Any CPU.Build.0 = Release|Any CPU
		{6FBF087E-3302-40B6-B692-975DCFFEDAD9}.Debug|Any CPU.ActiveCfg = Debug|Any CPU
		{6FBF087E-3302-40B6-B692-975DCFFEDAD9}.Debug|Any CPU.Build.0 = Debug|Any CPU
		{6FBF087E-3302-40B6-B692-975DCFFEDAD9}.Release|Any CPU.ActiveCfg = Release|Any CPU
		{6FBF087E-3302-40B6-B692-975DCFFEDAD9}.Release|Any CPU.Build.0 = Release|Any CPU
		{1963BAA3-39CD-4407-9E56-7781CD66E09F}.Debug|Any CPU.ActiveCfg = Debug|Any CPU
		{1963BAA3-39CD-4407-9E56-7781CD66E09F}.Debug|Any CPU.Build.0 = Debug|Any CPU
		{1963BAA3-39CD-4407-9E56-7781CD66E09F}.Release|Any CPU.ActiveCfg = Release|Any CPU
		{1963BAA3-39CD-4407-9E56-7781CD66E09F}.Release|Any CPU.Build.0 = Release|Any CPU
		{A76A6771-C70D-4BFF-8882-BD94E7DC0D68}.Debug|Any CPU.ActiveCfg = Debug|Any CPU
		{A76A6771-C70D-4BFF-8882-BD94E7DC0D68}.Debug|Any CPU.Build.0 = Debug|Any CPU
		{A76A6771-C70D-4BFF-8882-BD94E7DC0D68}.Release|Any CPU.ActiveCfg = Release|Any CPU
		{A76A6771-C70D-4BFF-8882-BD94E7DC0D68}.Release|Any CPU.Build.0 = Release|Any CPU
	EndGlobalSection
	GlobalSection(SolutionProperties) = preSolution
		HideSolutionNode = FALSE
	EndGlobalSection
	GlobalSection(NestedProjects) = preSolution
		{844026E4-97D6-403E-9633-C68CC0532794} = {BBBB2C5F-D525-429E-980A-1669CB3C2C0D}
		{835BCE33-A3D5-4443-A637-9B13C744626F} = {199FA293-49D3-4D95-947D-AB094A944895}
		{3F88BDC9-C9D5-4BEE-BCF1-7F578677F624} = {BBBB2C5F-D525-429E-980A-1669CB3C2C0D}
		{53178ECC-FB8A-4915-B107-8655AAB66EFE} = {3F88BDC9-C9D5-4BEE-BCF1-7F578677F624}
		{19C9053E-9892-458F-A6C0-558EBE68D26D} = {BBBB2C5F-D525-429E-980A-1669CB3C2C0D}
		{F83392F3-47F7-4B91-BB88-A43D21347538} = {19C9053E-9892-458F-A6C0-558EBE68D26D}
		{2F11BC3A-8240-4CB0-A3A4-6391095ABCB3} = {BBBB2C5F-D525-429E-980A-1669CB3C2C0D}
		{45A2BD60-EAAD-45E0-9C07-BE62BCE0EF4A} = {2F11BC3A-8240-4CB0-A3A4-6391095ABCB3}
		{E885EE97-3428-400D-AE6A-3AF2A31952BE} = {BBBB2C5F-D525-429E-980A-1669CB3C2C0D}
		{5AE4172B-9F98-4AED-937E-33225C7E4434} = {E885EE97-3428-400D-AE6A-3AF2A31952BE}
		{6FBF087E-3302-40B6-B692-975DCFFEDAD9} = {844026E4-97D6-403E-9633-C68CC0532794}
		{1963BAA3-39CD-4407-9E56-7781CD66E09F} = {844026E4-97D6-403E-9633-C68CC0532794}
		{6BB51B7E-1C20-42E0-A9C2-89E988F55027} = {BBBB2C5F-D525-429E-980A-1669CB3C2C0D}
		{A76A6771-C70D-4BFF-8882-BD94E7DC0D68} = {6BB51B7E-1C20-42E0-A9C2-89E988F55027}
	EndGlobalSection
	GlobalSection(ExtensibilityGlobals) = postSolution
		SolutionGuid = {C838368C-490F-4095-9432-705699335FA1}
	EndGlobalSection
EndGlobal
